
Microsoft Visual Studio Solution File, Format Version 12.00
# Visual Studio 15
Project("{FAE04EC0-301F-11D3-BF4B-00C04F79EFBC}") = "Assembly-CSharp-Editor", "Assembly-CSharp-Editor.csproj", "{B2FA7199-4304-69A6-7808-5EF54F11D677}"
EndProject
Project("{FAE04EC0-301F-11D3-BF4B-00C04F79EFBC}") = "Assembly-CSharp", "Assembly-CSharp.csproj", "{79E3EE26-CAFD-C267-77CE-65709FD6BCDD}"
EndProject
Global
	GlobalSection(SolutionConfigurationPlatforms) = preSolution
		Debug|Any CPU = Debug|Any CPU
		Release|Any CPU = Release|Any CPU
	EndGlobalSection
	GlobalSection(ProjectConfigurationPlatforms) = postSolution
		{B2FA7199-4304-69A6-7808-5EF54F11D677}.Debug|Any CPU.ActiveCfg = Debug|Any CPU
		{B2FA7199-4304-69A6-7808-5EF54F11D677}.Debug|Any CPU.Build.0 = Debug|Any CPU
		{B2FA7199-4304-69A6-7808-5EF54F11D677}.Release|Any CPU.ActiveCfg = Release|Any CPU
		{B2FA7199-4304-69A6-7808-5EF54F11D677}.Release|Any CPU.Build.0 = Release|Any CPU
		{79E3EE26-CAFD-C267-77CE-65709FD6BCDD}.Debug|Any CPU.ActiveCfg = Debug|Any CPU
		{79E3EE26-CAFD-C267-77CE-65709FD6BCDD}.Debug|Any CPU.Build.0 = Debug|Any CPU
		{79E3EE26-CAFD-C267-77CE-65709FD6BCDD}.Release|Any CPU.ActiveCfg = Release|Any CPU
		{79E3EE26-CAFD-C267-77CE-65709FD6BCDD}.Release|Any CPU.Build.0 = Release|Any CPU
	EndGlobalSection
	GlobalSection(SolutionProperties) = preSolution
		HideSolutionNode = FALSE
	EndGlobalSection
EndGlobal
